
Microsoft Visual Studio Solution File, Format Version 12.00
# Visual Studio 15
VisualStudioVersion = 15.0.27703.2042
MinimumVisualStudioVersion = 10.0.40219.1
Project("{FAE04EC0-301F-11D3-BF4B-00C04F79EFBC}") = "ConsoleTradifyTechnicalTask", "ConsoleTradifyTechnicalTask\ConsoleTradifyTechnicalTask.csproj", "{3500CCAD-ABC2-46C3-86BC-B23572B487F6}"
EndProject
Project("{FAE04EC0-301F-11D3-BF4B-00C04F79EFBC}") = "TradifyTechnicalTask.Tests", "TradifyTechnicalTask.Tests\TradifyTechnicalTask.Tests.csproj", "{B4C47546-2F6F-4E48-958A-2FDBA125B16B}"
EndProject
Global
	GlobalSection(SolutionConfigurationPlatforms) = preSolution
		Debug|Any CPU = Debug|Any CPU
		Release|Any CPU = Release|Any CPU
	EndGlobalSection
	GlobalSection(ProjectConfigurationPlatforms) = postSolution
		{3500CCAD-ABC2-46C3-86BC-B23572B487F6}.Debug|Any CPU.ActiveCfg = Debug|Any CPU
		{3500CCAD-ABC2-46C3-86BC-B23572B487F6}.Debug|Any CPU.Build.0 = Debug|Any CPU
		{3500CCAD-ABC2-46C3-86BC-B23572B487F6}.Release|Any CPU.ActiveCfg = Release|Any CPU
		{3500CCAD-ABC2-46C3-86BC-B23572B487F6}.Release|Any CPU.Build.0 = Release|Any CPU
		{B4C47546-2F6F-4E48-958A-2FDBA125B16B}.Debug|Any CPU.ActiveCfg = Debug|Any CPU
		{B4C47546-2F6F-4E48-958A-2FDBA125B16B}.Debug|Any CPU.Build.0 = Debug|Any CPU
		{B4C47546-2F6F-4E48-958A-2FDBA125B16B}.Release|Any CPU.ActiveCfg = Release|Any CPU
		{B4C47546-2F6F-4E48-958A-2FDBA125B16B}.Release|Any CPU.Build.0 = Release|Any CPU
	EndGlobalSection
	GlobalSection(SolutionProperties) = preSolution
		HideSolutionNode = FALSE
	EndGlobalSection
	GlobalSection(ExtensibilityGlobals) = postSolution
		SolutionGuid = {0A937AE0-E30B-4D99-8B1D-FBF4B9A496C7}
	EndGlobalSection
EndGlobal
